// !$*UTF8*$!
{
	archiveVersion = 1;
	classes = {
	};
	objectVersion = 51;
	objects = {

/* Begin PBXBuildFile section */
		3B967099B905CFDDF9125291 /* Pods_TableAdapterExample.framework in Frameworks */ = {isa = PBXBuildFile; fileRef = 3A8008E9FAE9590EADBA3048 /* Pods_TableAdapterExample.framework */; };
		A11869DC239EE18C003827B3 /* TitleHeaderFooterView.swift in Sources */ = {isa = PBXBuildFile; fileRef = A11869DB239EE18C003827B3 /* TitleHeaderFooterView.swift */; };
		A11869DE239EE242003827B3 /* TitleHeaderFooterView.xib in Resources */ = {isa = PBXBuildFile; fileRef = A11869DD239EE242003827B3 /* TitleHeaderFooterView.xib */; };
		A11869E1239FD635003827B3 /* WiFiViewController.swift in Sources */ = {isa = PBXBuildFile; fileRef = A11869E0239FD635003827B3 /* WiFiViewController.swift */; };
		A11869E423A01000003827B3 /* Network.swift in Sources */ = {isa = PBXBuildFile; fileRef = A11869E323A01000003827B3 /* Network.swift */; };
		A19C79AF238FE8EF00B4E62A /* AppDelegate.swift in Sources */ = {isa = PBXBuildFile; fileRef = A19C79AE238FE8EF00B4E62A /* AppDelegate.swift */; };
		A19C79B3238FE8EF00B4E62A /* ViewController.swift in Sources */ = {isa = PBXBuildFile; fileRef = A19C79B2238FE8EF00B4E62A /* ViewController.swift */; };
		A19C79B6238FE8EF00B4E62A /* Main.storyboard in Resources */ = {isa = PBXBuildFile; fileRef = A19C79B4238FE8EF00B4E62A /* Main.storyboard */; };
		A19C79B8238FE8F400B4E62A /* Assets.xcassets in Resources */ = {isa = PBXBuildFile; fileRef = A19C79B7238FE8F400B4E62A /* Assets.xcassets */; };
		A19C79BB238FE8F400B4E62A /* LaunchScreen.storyboard in Resources */ = {isa = PBXBuildFile; fileRef = A19C79B9238FE8F400B4E62A /* LaunchScreen.storyboard */; };
		A1FD84A8239A64CD009AB5E7 /* SearchViewController.swift in Sources */ = {isa = PBXBuildFile; fileRef = A1FD84A7239A64CD009AB5E7 /* SearchViewController.swift */; };
		A1FD84AA239A9A0B009AB5E7 /* MixedObjectsViewController.swift in Sources */ = {isa = PBXBuildFile; fileRef = A1FD84A9239A9A0B009AB5E7 /* MixedObjectsViewController.swift */; };
/* End PBXBuildFile section */

/* Begin PBXFileReference section */
		24429E11EFDF5BB60D1A9AB4 /* Pods-TableAdapterExample.release.xcconfig */ = {isa = PBXFileReference; includeInIndex = 1; lastKnownFileType = text.xcconfig; name = "Pods-TableAdapterExample.release.xcconfig"; path = "Target Support Files/Pods-TableAdapterExample/Pods-TableAdapterExample.release.xcconfig"; sourceTree = "<group>"; };
		2ADEF947A4DCE10EAF780A96 /* Pods-TableAdapterExample.debug.xcconfig */ = {isa = PBXFileReference; includeInIndex = 1; lastKnownFileType = text.xcconfig; name = "Pods-TableAdapterExample.debug.xcconfig"; path = "Target Support Files/Pods-TableAdapterExample/Pods-TableAdapterExample.debug.xcconfig"; sourceTree = "<group>"; };
		3A8008E9FAE9590EADBA3048 /* Pods_TableAdapterExample.framework */ = {isa = PBXFileReference; explicitFileType = wrapper.framework; includeInIndex = 0; path = Pods_TableAdapterExample.framework; sourceTree = BUILT_PRODUCTS_DIR; };
		A11869DB239EE18C003827B3 /* TitleHeaderFooterView.swift */ = {isa = PBXFileReference; lastKnownFileType = sourcecode.swift; path = TitleHeaderFooterView.swift; sourceTree = "<group>"; };
		A11869DD239EE242003827B3 /* TitleHeaderFooterView.xib */ = {isa = PBXFileReference; lastKnownFileType = file.xib; path = TitleHeaderFooterView.xib; sourceTree = "<group>"; };
		A11869E0239FD635003827B3 /* WiFiViewController.swift */ = {isa = PBXFileReference; lastKnownFileType = sourcecode.swift; path = WiFiViewController.swift; sourceTree = "<group>"; };
		A11869E323A01000003827B3 /* Network.swift */ = {isa = PBXFileReference; lastKnownFileType = sourcecode.swift; path = Network.swift; sourceTree = "<group>"; };
		A19C79AB238FE8EE00B4E62A /* TableAdapterExample.app */ = {isa = PBXFileReference; explicitFileType = wrapper.application; includeInIndex = 0; path = TableAdapterExample.app; sourceTree = BUILT_PRODUCTS_DIR; };
		A19C79AE238FE8EF00B4E62A /* AppDelegate.swift */ = {isa = PBXFileReference; lastKnownFileType = sourcecode.swift; path = AppDelegate.swift; sourceTree = "<group>"; };
		A19C79B2238FE8EF00B4E62A /* ViewController.swift */ = {isa = PBXFileReference; lastKnownFileType = sourcecode.swift; path = ViewController.swift; sourceTree = "<group>"; };
		A19C79B5238FE8EF00B4E62A /* Base */ = {isa = PBXFileReference; lastKnownFileType = file.storyboard; name = Base; path = Base.lproj/Main.storyboard; sourceTree = "<group>"; };
		A19C79B7238FE8F400B4E62A /* Assets.xcassets */ = {isa = PBXFileReference; lastKnownFileType = folder.assetcatalog; path = Assets.xcassets; sourceTree = "<group>"; };
		A19C79BA238FE8F400B4E62A /* Base */ = {isa = PBXFileReference; lastKnownFileType = file.storyboard; name = Base; path = Base.lproj/LaunchScreen.storyboard; sourceTree = "<group>"; };
		A19C79BC238FE8F400B4E62A /* Info.plist */ = {isa = PBXFileReference; lastKnownFileType = text.plist.xml; path = Info.plist; sourceTree = "<group>"; };
		A1FD84A7239A64CD009AB5E7 /* SearchViewController.swift */ = {isa = PBXFileReference; lastKnownFileType = sourcecode.swift; path = SearchViewController.swift; sourceTree = "<group>"; };
		A1FD84A9239A9A0B009AB5E7 /* MixedObjectsViewController.swift */ = {isa = PBXFileReference; lastKnownFileType = sourcecode.swift; path = MixedObjectsViewController.swift; sourceTree = "<group>"; };
/* End PBXFileReference section */

/* Begin PBXFrameworksBuildPhase section */
		A19C79A8238FE8EE00B4E62A /* Frameworks */ = {
			isa = PBXFrameworksBuildPhase;
			buildActionMask = 2147483647;
			files = (
				3B967099B905CFDDF9125291 /* Pods_TableAdapterExample.framework in Frameworks */,
			);
			runOnlyForDeploymentPostprocessing = 0;
		};
/* End PBXFrameworksBuildPhase section */

/* Begin PBXGroup section */
		A11869DA239EE13A003827B3 /* Headers */ = {
			isa = PBXGroup;
			children = (
				A11869DB239EE18C003827B3 /* TitleHeaderFooterView.swift */,
				A11869DD239EE242003827B3 /* TitleHeaderFooterView.xib */,
			);
			path = Headers;
			sourceTree = "<group>";
		};
		A11869E223A00FE0003827B3 /* Models */ = {
			isa = PBXGroup;
			children = (
				A11869E323A01000003827B3 /* Network.swift */,
			);
			path = Models;
			sourceTree = "<group>";
		};
		A19C79A2238FE8EE00B4E62A = {
			isa = PBXGroup;
			children = (
				A19C79AD238FE8EF00B4E62A /* TableAdapterExample */,
				A19C79AC238FE8EE00B4E62A /* Products */,
				C2945384A9F7F7C334AA09EA /* Pods */,
				EE74CD67A6D293E13728AFE5 /* Frameworks */,
			);
			sourceTree = "<group>";
		};
		A19C79AC238FE8EE00B4E62A /* Products */ = {
			isa = PBXGroup;
			children = (
				A19C79AB238FE8EE00B4E62A /* TableAdapterExample.app */,
			);
			name = Products;
			sourceTree = "<group>";
		};
		A19C79AD238FE8EF00B4E62A /* TableAdapterExample */ = {
			isa = PBXGroup;
			children = (
				A11869E223A00FE0003827B3 /* Models */,
				A11869DA239EE13A003827B3 /* Headers */,
				A19C79BC238FE8F400B4E62A /* Info.plist */,
				A19C79AE238FE8EF00B4E62A /* AppDelegate.swift */,
				A19C79B2238FE8EF00B4E62A /* ViewController.swift */,
				A1FD84A7239A64CD009AB5E7 /* SearchViewController.swift */,
				A1FD84A9239A9A0B009AB5E7 /* MixedObjectsViewController.swift */,
				A11869E0239FD635003827B3 /* WiFiViewController.swift */,
				A19C79B7238FE8F400B4E62A /* Assets.xcassets */,
				A19C79B9238FE8F400B4E62A /* LaunchScreen.storyboard */,
				A19C79B4238FE8EF00B4E62A /* Main.storyboard */,
			);
			path = TableAdapterExample;
			sourceTree = "<group>";
		};
		C2945384A9F7F7C334AA09EA /* Pods */ = {
			isa = PBXGroup;
			children = (
				2ADEF947A4DCE10EAF780A96 /* Pods-TableAdapterExample.debug.xcconfig */,
				24429E11EFDF5BB60D1A9AB4 /* Pods-TableAdapterExample.release.xcconfig */,
			);
			path = Pods;
			sourceTree = "<group>";
		};
		EE74CD67A6D293E13728AFE5 /* Frameworks */ = {
			isa = PBXGroup;
			children = (
				3A8008E9FAE9590EADBA3048 /* Pods_TableAdapterExample.framework */,
			);
			name = Frameworks;
			sourceTree = "<group>";
		};
/* End PBXGroup section */

/* Begin PBXNativeTarget section */
		A19C79AA238FE8EE00B4E62A /* TableAdapterExample */ = {
			isa = PBXNativeTarget;
			buildConfigurationList = A19C79BF238FE8F400B4E62A /* Build configuration list for PBXNativeTarget "TableAdapterExample" */;
			buildPhases = (
				A157D32FE45D9E8F07887C90 /* [CP] Check Pods Manifest.lock */,
				A19C79A7238FE8EE00B4E62A /* Sources */,
				A19C79A8238FE8EE00B4E62A /* Frameworks */,
				A19C79A9238FE8EE00B4E62A /* Resources */,
				694DF33DED3C59411DC841F0 /* [CP] Embed Pods Frameworks */,
			);
			buildRules = (
			);
			dependencies = (
			);
			name = TableAdapterExample;
			productName = TableAdapterExample;
			productReference = A19C79AB238FE8EE00B4E62A /* TableAdapterExample.app */;
			productType = "com.apple.product-type.application";
		};
/* End PBXNativeTarget section */

/* Begin PBXProject section */
		A19C79A3238FE8EE00B4E62A /* Project object */ = {
			isa = PBXProject;
			attributes = {
				LastSwiftUpdateCheck = 1120;
				LastUpgradeCheck = 1120;
				ORGANIZATIONNAME = "MobileUp LLC";
				TargetAttributes = {
					A19C79AA238FE8EE00B4E62A = {
						CreatedOnToolsVersion = 11.2.1;
					};
				};
			};
			buildConfigurationList = A19C79A6238FE8EE00B4E62A /* Build configuration list for PBXProject "TableAdapterExample" */;
			compatibilityVersion = "Xcode 9.3";
			developmentRegion = en;
			hasScannedForEncodings = 0;
			knownRegions = (
				en,
				Base,
			);
			mainGroup = A19C79A2238FE8EE00B4E62A;
			productRefGroup = A19C79AC238FE8EE00B4E62A /* Products */;
			projectDirPath = "";
			projectRoot = "";
			targets = (
				A19C79AA238FE8EE00B4E62A /* TableAdapterExample */,
			);
		};
/* End PBXProject section */

/* Begin PBXResourcesBuildPhase section */
		A19C79A9238FE8EE00B4E62A /* Resources */ = {
			isa = PBXResourcesBuildPhase;
			buildActionMask = 2147483647;
			files = (
				A19C79BB238FE8F400B4E62A /* LaunchScreen.storyboard in Resources */,
				A19C79B8238FE8F400B4E62A /* Assets.xcassets in Resources */,
				A19C79B6238FE8EF00B4E62A /* Main.storyboard in Resources */,
				A11869DE239EE242003827B3 /* TitleHeaderFooterView.xib in Resources */,
			);
			runOnlyForDeploymentPostprocessing = 0;
		};
/* End PBXResourcesBuildPhase section */

/* Begin PBXShellScriptBuildPhase section */
		694DF33DED3C59411DC841F0 /* [CP] Embed Pods Frameworks */ = {
			isa = PBXShellScriptBuildPhase;
			buildActionMask = 2147483647;
			files = (
			);
			inputFileListPaths = (
				"${PODS_ROOT}/Target Support Files/Pods-TableAdapterExample/Pods-TableAdapterExample-frameworks-${CONFIGURATION}-input-files.xcfilelist",
			);
			name = "[CP] Embed Pods Frameworks";
			outputFileListPaths = (
				"${PODS_ROOT}/Target Support Files/Pods-TableAdapterExample/Pods-TableAdapterExample-frameworks-${CONFIGURATION}-output-files.xcfilelist",
			);
			runOnlyForDeploymentPostprocessing = 0;
			shellPath = /bin/sh;
			shellScript = "\"${PODS_ROOT}/Target Support Files/Pods-TableAdapterExample/Pods-TableAdapterExample-frameworks.sh\"\n";
			showEnvVarsInLog = 0;
		};
		A157D32FE45D9E8F07887C90 /* [CP] Check Pods Manifest.lock */ = {
			isa = PBXShellScriptBuildPhase;
			buildActionMask = 2147483647;
			files = (
			);
			inputFileListPaths = (
			);
			inputPaths = (
				"${PODS_PODFILE_DIR_PATH}/Podfile.lock",
				"${PODS_ROOT}/Manifest.lock",
			);
			name = "[CP] Check Pods Manifest.lock";
			outputFileListPaths = (
			);
			outputPaths = (
				"$(DERIVED_FILE_DIR)/Pods-TableAdapterExample-checkManifestLockResult.txt",
			);
			runOnlyForDeploymentPostprocessing = 0;
			shellPath = /bin/sh;
			shellScript = "diff \"${PODS_PODFILE_DIR_PATH}/Podfile.lock\" \"${PODS_ROOT}/Manifest.lock\" > /dev/null\nif [ $? != 0 ] ; then\n    # print error to STDERR\n    echo \"error: The sandbox is not in sync with the Podfile.lock. Run 'pod install' or update your CocoaPods installation.\" >&2\n    exit 1\nfi\n# This output is used by Xcode 'outputs' to avoid re-running this script phase.\necho \"SUCCESS\" > \"${SCRIPT_OUTPUT_FILE_0}\"\n";
			showEnvVarsInLog = 0;
		};
/* End PBXShellScriptBuildPhase section */

/* Begin PBXSourcesBuildPhase section */
		A19C79A7238FE8EE00B4E62A /* Sources */ = {
			isa = PBXSourcesBuildPhase;
			buildActionMask = 2147483647;
			files = (
				A11869DC239EE18C003827B3 /* TitleHeaderFooterView.swift in Sources */,
				A11869E1239FD635003827B3 /* WiFiViewController.swift in Sources */,
				A1FD84A8239A64CD009AB5E7 /* SearchViewController.swift in Sources */,
				A19C79B3238FE8EF00B4E62A /* ViewController.swift in Sources */,
				A1FD84AA239A9A0B009AB5E7 /* MixedObjectsViewController.swift in Sources */,
				A11869E423A01000003827B3 /* Network.swift in Sources */,
				A19C79AF238FE8EF00B4E62A /* AppDelegate.swift in Sources */,
			);
			runOnlyForDeploymentPostprocessing = 0;
		};
/* End PBXSourcesBuildPhase section */

/* Begin PBXVariantGroup section */
		A19C79B4238FE8EF00B4E62A /* Main.storyboard */ = {
			isa = PBXVariantGroup;
			children = (
				A19C79B5238FE8EF00B4E62A /* Base */,
			);
			name = Main.storyboard;
			sourceTree = "<group>";
		};
		A19C79B9238FE8F400B4E62A /* LaunchScreen.storyboard */ = {
			isa = PBXVariantGroup;
			children = (
				A19C79BA238FE8F400B4E62A /* Base */,
			);
			name = LaunchScreen.storyboard;
			sourceTree = "<group>";
		};
/* End PBXVariantGroup section */

/* Begin XCBuildConfiguration section */
		A19C79BD238FE8F400B4E62A /* Debug */ = {
			isa = XCBuildConfiguration;
			buildSettings = {
				ALWAYS_SEARCH_USER_PATHS = NO;
				CLANG_ANALYZER_NONNULL = YES;
				CLANG_ANALYZER_NUMBER_OBJECT_CONVERSION = YES_AGGRESSIVE;
				CLANG_CXX_LANGUAGE_STANDARD = "gnu++14";
				CLANG_CXX_LIBRARY = "libc++";
				CLANG_ENABLE_MODULES = YES;
				CLANG_ENABLE_OBJC_ARC = YES;
				CLANG_ENABLE_OBJC_WEAK = YES;
				CLANG_WARN_BLOCK_CAPTURE_AUTORELEASING = YES;
				CLANG_WARN_BOOL_CONVERSION = YES;
				CLANG_WARN_COMMA = YES;
				CLANG_WARN_CONSTANT_CONVERSION = YES;
				CLANG_WARN_DEPRECATED_OBJC_IMPLEMENTATIONS = YES;
				CLANG_WARN_DIRECT_OBJC_ISA_USAGE = YES_ERROR;
				CLANG_WARN_DOCUMENTATION_COMMENTS = YES;
				CLANG_WARN_EMPTY_BODY = YES;
				CLANG_WARN_ENUM_CONVERSION = YES;
				CLANG_WARN_INFINITE_RECURSION = YES;
				CLANG_WARN_INT_CONVERSION = YES;
				CLANG_WARN_NON_LITERAL_NULL_CONVERSION = YES;
				CLANG_WARN_OBJC_IMPLICIT_RETAIN_SELF = YES;
				CLANG_WARN_OBJC_LITERAL_CONVERSION = YES;
				CLANG_WARN_OBJC_ROOT_CLASS = YES_ERROR;
				CLANG_WARN_RANGE_LOOP_ANALYSIS = YES;
				CLANG_WARN_STRICT_PROTOTYPES = YES;
				CLANG_WARN_SUSPICIOUS_MOVE = YES;
				CLANG_WARN_UNGUARDED_AVAILABILITY = YES_AGGRESSIVE;
				CLANG_WARN_UNREACHABLE_CODE = YES;
				CLANG_WARN__DUPLICATE_METHOD_MATCH = YES;
				COPY_PHASE_STRIP = NO;
				DEBUG_INFORMATION_FORMAT = dwarf;
				ENABLE_STRICT_OBJC_MSGSEND = YES;
				ENABLE_TESTABILITY = YES;
				GCC_C_LANGUAGE_STANDARD = gnu11;
				GCC_DYNAMIC_NO_PIC = NO;
				GCC_NO_COMMON_BLOCKS = YES;
				GCC_OPTIMIZATION_LEVEL = 0;
				GCC_PREPROCESSOR_DEFINITIONS = (
					"DEBUG=1",
					"$(inherited)",
				);
				GCC_WARN_64_TO_32_BIT_CONVERSION = YES;
				GCC_WARN_ABOUT_RETURN_TYPE = YES_ERROR;
				GCC_WARN_UNDECLARED_SELECTOR = YES;
				GCC_WARN_UNINITIALIZED_AUTOS = YES_AGGRESSIVE;
				GCC_WARN_UNUSED_FUNCTION = YES;
				GCC_WARN_UNUSED_VARIABLE = YES;
				IPHONEOS_DEPLOYMENT_TARGET = 9.0;
				MTL_ENABLE_DEBUG_INFO = INCLUDE_SOURCE;
				MTL_FAST_MATH = YES;
				ONLY_ACTIVE_ARCH = YES;
				SDKROOT = iphoneos;
				SWIFT_ACTIVE_COMPILATION_CONDITIONS = DEBUG;
				SWIFT_OPTIMIZATION_LEVEL = "-Onone";
			};
			name = Debug;
		};
		A19C79BE238FE8F400B4E62A /* Release */ = {
			isa = XCBuildConfiguration;
			buildSettings = {
				ALWAYS_SEARCH_USER_PATHS = NO;
				CLANG_ANALYZER_NONNULL = YES;
				CLANG_ANALYZER_NUMBER_OBJECT_CONVERSION = YES_AGGRESSIVE;
				CLANG_CXX_LANGUAGE_STANDARD = "gnu++14";
				CLANG_CXX_LIBRARY = "libc++";
				CLANG_ENABLE_MODULES = YES;
				CLANG_ENABLE_OBJC_ARC = YES;
				CLANG_ENABLE_OBJC_WEAK = YES;
				CLANG_WARN_BLOCK_CAPTURE_AUTORELEASING = YES;
				CLANG_WARN_BOOL_CONVERSION = YES;
				CLANG_WARN_COMMA = YES;
				CLANG_WARN_CONSTANT_CONVERSION = YES;
				CLANG_WARN_DEPRECATED_OBJC_IMPLEMENTATIONS = YES;
				CLANG_WARN_DIRECT_OBJC_ISA_USAGE = YES_ERROR;
				CLANG_WARN_DOCUMENTATION_COMMENTS = YES;
				CLANG_WARN_EMPTY_BODY = YES;
				CLANG_WARN_ENUM_CONVERSION = YES;
				CLANG_WARN_INFINITE_RECURSION = YES;
				CLANG_WARN_INT_CONVERSION = YES;
				CLANG_WARN_NON_LITERAL_NULL_CONVERSION = YES;
				CLANG_WARN_OBJC_IMPLICIT_RETAIN_SELF = YES;
				CLANG_WARN_OBJC_LITERAL_CONVERSION = YES;
				CLANG_WARN_OBJC_ROOT_CLASS = YES_ERROR;
				CLANG_WARN_RANGE_LOOP_ANALYSIS = YES;
				CLANG_WARN_STRICT_PROTOTYPES = YES;
				CLANG_WARN_SUSPICIOUS_MOVE = YES;
				CLANG_WARN_UNGUARDED_AVAILABILITY = YES_AGGRESSIVE;
				CLANG_WARN_UNREACHABLE_CODE = YES;
				CLANG_WARN__DUPLICATE_METHOD_MATCH = YES;
				COPY_PHASE_STRIP = NO;
				DEBUG_INFORMATION_FORMAT = "dwarf-with-dsym";
				ENABLE_NS_ASSERTIONS = NO;
				ENABLE_STRICT_OBJC_MSGSEND = YES;
				GCC_C_LANGUAGE_STANDARD = gnu11;
				GCC_NO_COMMON_BLOCKS = YES;
				GCC_WARN_64_TO_32_BIT_CONVERSION = YES;
				GCC_WARN_ABOUT_RETURN_TYPE = YES_ERROR;
				GCC_WARN_UNDECLARED_SELECTOR = YES;
				GCC_WARN_UNINITIALIZED_AUTOS = YES_AGGRESSIVE;
				GCC_WARN_UNUSED_FUNCTION = YES;
				GCC_WARN_UNUSED_VARIABLE = YES;
				IPHONEOS_DEPLOYMENT_TARGET = 9.0;
				MTL_ENABLE_DEBUG_INFO = NO;
				MTL_FAST_MATH = YES;
				SDKROOT = iphoneos;
				SWIFT_COMPILATION_MODE = wholemodule;
				SWIFT_OPTIMIZATION_LEVEL = "-O";
				VALIDATE_PRODUCT = YES;
			};
			name = Release;
		};
		A19C79C0238FE8F400B4E62A /* Debug */ = {
			isa = XCBuildConfiguration;
			baseConfigurationReference = 2ADEF947A4DCE10EAF780A96 /* Pods-TableAdapterExample.debug.xcconfig */;
			buildSettings = {
				ASSETCATALOG_COMPILER_APPICON_NAME = AppIcon;
				CODE_SIGN_STYLE = Automatic;
				DEVELOPMENT_TEAM = 4778UMCE49;
				INFOPLIST_FILE = TableAdapterExample/Info.plist;
				IPHONEOS_DEPLOYMENT_TARGET = 11.0;
				LD_RUNPATH_SEARCH_PATHS = (
					"$(inherited)",
					"@executable_path/Frameworks",
				);
				PRODUCT_BUNDLE_IDENTIFIER = ru.mobileup.TableAdapterExample;
				PRODUCT_NAME = "$(TARGET_NAME)";
				SWIFT_VERSION = 5.0;
				TARGETED_DEVICE_FAMILY = "1,2";
			};
			name = Debug;
		};
		A19C79C1238FE8F400B4E62A /* Release */ = {
			isa = XCBuildConfiguration;
			baseConfigurationReference = 24429E11EFDF5BB60D1A9AB4 /* Pods-TableAdapterExample.release.xcconfig */;
			buildSettings = {
				ASSETCATALOG_COMPILER_APPICON_NAME = AppIcon;
				CODE_SIGN_STYLE = Automatic;
				DEVELOPMENT_TEAM = 4778UMCE49;
				INFOPLIST_FILE = TableAdapterExample/Info.plist;
				IPHONEOS_DEPLOYMENT_TARGET = 11.0;
				LD_RUNPATH_SEARCH_PATHS = (
					"$(inherited)",
					"@executable_path/Frameworks",
				);
				PRODUCT_BUNDLE_IDENTIFIER = ru.mobileup.TableAdapterExample;
				PRODUCT_NAME = "$(TARGET_NAME)";
				SWIFT_VERSION = 5.0;
				TARGETED_DEVICE_FAMILY = "1,2";
			};
			name = Release;
		};
/* End XCBuildConfiguration section */

/* Begin XCConfigurationList section */
		A19C79A6238FE8EE00B4E62A /* Build configuration list for PBXProject "TableAdapterExample" */ = {
			isa = XCConfigurationList;
			buildConfigurations = (
				A19C79BD238FE8F400B4E62A /* Debug */,
				A19C79BE238FE8F400B4E62A /* Release */,
			);
			defaultConfigurationIsVisible = 0;
			defaultConfigurationName = Release;
		};
		A19C79BF238FE8F400B4E62A /* Build configuration list for PBXNativeTarget "TableAdapterExample" */ = {
			isa = XCConfigurationList;
			buildConfigurations = (
				A19C79C0238FE8F400B4E62A /* Debug */,
				A19C79C1238FE8F400B4E62A /* Release */,
			);
			defaultConfigurationIsVisible = 0;
			defaultConfigurationName = Release;
		};
/* End XCConfigurationList section */
	};
	rootObject = A19C79A3238FE8EE00B4E62A /* Project object */;
}
